{
  "lib/LayerZero-v2": {
    "rev": "63bbd31584c588844de33678bf8dd61d879cba14"
  },
  "lib/devtools": {
    "rev": "2a86327542da20c428eccba05ecb0657375e5ad1"
  },
  "lib/forge-std": {
    "rev": "e4aef94c1768803a16fe19f7ce8b65defd027cfd"
  },
  "lib/openzeppelin-contracts": {
    "rev": "dbb6104ce834628e473d2173bbc9d47f81a9eec3"
  },
  "lib/solidity-bytes-utils": {
    "rev": "fc502455bb2a7e26a743378df042612dd50d1eb9"
  }
}
